// !$*UTF8*$!
{
	archiveVersion = 1;
	classes = {
	};
	objectVersion = 45;
	objects = {

/* Begin PBXBuildFile section */
		1D3623260D0F684500981E51 /* SimpleKakeiboAppDelegate.m in Sources */ = {isa = PBXBuildFile; fileRef = 1D3623250D0F684500981E51 /* SimpleKakeiboAppDelegate.m */; };
		1D60589B0D05DD56006BFB54 /* main.m in Sources */ = {isa = PBXBuildFile; fileRef = 29B97316FDCFA39411CA2CEA /* main.m */; };
		1D60589F0D05DD5A006BFB54 /* Foundation.framework in Frameworks */ = {isa = PBXBuildFile; fileRef = 1D30AB110D05D00D00671497 /* Foundation.framework */; };
		1DF5F4E00D08C38300B7A737 /* UIKit.framework in Frameworks */ = {isa = PBXBuildFile; fileRef = 1DF5F4DF0D08C38300B7A737 /* UIKit.framework */; };
		2892E4100DC94CBA00A64D0F /* CoreGraphics.framework in Frameworks */ = {isa = PBXBuildFile; fileRef = 2892E40F0DC94CBA00A64D0F /* CoreGraphics.framework */; };
		28AD73600D9D9599002E5188 /* MainWindow.xib in Resources */ = {isa = PBXBuildFile; fileRef = 28AD735F0D9D9599002E5188 /* MainWindow.xib */; };
		28C286E10D94DF7D0034E888 /* RootViewController.m in Sources */ = {isa = PBXBuildFile; fileRef = 28C286E00D94DF7D0034E888 /* RootViewController.m */; };
		28F335F11007B36200424DE2 /* RootViewController.xib in Resources */ = {isa = PBXBuildFile; fileRef = 28F335F01007B36200424DE2 /* RootViewController.xib */; };
		695C2F44109D5CA8006CF7AF /* CategoriesViewController.m in Sources */ = {isa = PBXBuildFile; fileRef = 695C2F43109D5CA8006CF7AF /* CategoriesViewController.m */; };
		695C2F47109D5CC4006CF7AF /* ItemlistViewController.m in Sources */ = {isa = PBXBuildFile; fileRef = 695C2F46109D5CC4006CF7AF /* ItemlistViewController.m */; };
		695C2F8D109D6638006CF7AF /* NewViewController.m in Sources */ = {isa = PBXBuildFile; fileRef = 695C2F8C109D6638006CF7AF /* NewViewController.m */; };
		695C2F90109D6928006CF7AF /* NewViewController.xib in Resources */ = {isa = PBXBuildFile; fileRef = 695C2F8F109D6928006CF7AF /* NewViewController.xib */; };
		695C2FDC109DA95C006CF7AF /* DateEditController.xib in Resources */ = {isa = PBXBuildFile; fileRef = 695C2FDB109DA95C006CF7AF /* DateEditController.xib */; };
		695C3007109DAE85006CF7AF /* DateEditController.m in Sources */ = {isa = PBXBuildFile; fileRef = 695C3006109DAE85006CF7AF /* DateEditController.m */; };
		6969869110A052D60089CBA0 /* MyApplicationData.m in Sources */ = {isa = PBXBuildFile; fileRef = 6969869010A052D60089CBA0 /* MyApplicationData.m */; };
		6980BB71109ECDD70096E793 /* MyAppDataController.m in Sources */ = {isa = PBXBuildFile; fileRef = 6980BB70109ECDD70096E793 /* MyAppDataController.m */; };
		69A04047113FFCC900537EC8 /* icon.png in Resources */ = {isa = PBXBuildFile; fileRef = 69A04046113FFCC900537EC8 /* icon.png */; };
		69F4E12B10A000880069A089 /* DetailViewController.m in Sources */ = {isa = PBXBuildFile; fileRef = 69F4E12910A000870069A089 /* DetailViewController.m */; };
		69F4E12C10A000880069A089 /* DetailViewController.xib in Resources */ = {isa = PBXBuildFile; fileRef = 69F4E12A10A000870069A089 /* DetailViewController.xib */; };
		69F4E16810A0060C0069A089 /* NodeViewController.m in Sources */ = {isa = PBXBuildFile; fileRef = 69F4E16710A0060C0069A089 /* NodeViewController.m */; };
		69FE051B109E6C1300D4DD4F /* CategoryEditController.xib in Resources */ = {isa = PBXBuildFile; fileRef = 69FE051A109E6C1300D4DD4F /* CategoryEditController.xib */; };
		69FE051F109E6CE700D4DD4F /* CategoryEditController.m in Sources */ = {isa = PBXBuildFile; fileRef = 69FE051E109E6CE700D4DD4F /* CategoryEditController.m */; };
		69FE05D7109E8A9E00D4DD4F /* PriceEditController.xib in Resources */ = {isa = PBXBuildFile; fileRef = 69FE05D6109E8A9E00D4DD4F /* PriceEditController.xib */; };
		69FE05DB109E8D0200D4DD4F /* PriceEditController.m in Sources */ = {isa = PBXBuildFile; fileRef = 69FE05DA109E8D0200D4DD4F /* PriceEditController.m */; };
/* End PBXBuildFile section */

/* Begin PBXFileReference section */
		1D30AB110D05D00D00671497 /* Foundation.framework */ = {isa = PBXFileReference; lastKnownFileType = wrapper.framework; name = Foundation.framework; path = System/Library/Frameworks/Foundation.framework; sourceTree = SDKROOT; };
		1D3623240D0F684500981E51 /* SimpleKakeiboAppDelegate.h */ = {isa = PBXFileReference; fileEncoding = 4; lastKnownFileType = sourcecode.c.h; path = SimpleKakeiboAppDelegate.h; sourceTree = "<group>"; };
		1D3623250D0F684500981E51 /* SimpleKakeiboAppDelegate.m */ = {isa = PBXFileReference; fileEncoding = 4; lastKnownFileType = sourcecode.c.objc; path = SimpleKakeiboAppDelegate.m; sourceTree = "<group>"; };
		1D6058910D05DD3D006BFB54 /* SimpleKakeibo.app */ = {isa = PBXFileReference; explicitFileType = wrapper.application; includeInIndex = 0; path = SimpleKakeibo.app; sourceTree = BUILT_PRODUCTS_DIR; };
		1DF5F4DF0D08C38300B7A737 /* UIKit.framework */ = {isa = PBXFileReference; lastKnownFileType = wrapper.framework; name = UIKit.framework; path = System/Library/Frameworks/UIKit.framework; sourceTree = SDKROOT; };
		2892E40F0DC94CBA00A64D0F /* CoreGraphics.framework */ = {isa = PBXFileReference; lastKnownFileType = wrapper.framework; name = CoreGraphics.framework; path = System/Library/Frameworks/CoreGraphics.framework; sourceTree = SDKROOT; };
		28A0AAE50D9B0CCF005BE974 /* SimpleKakeibo_Prefix.pch */ = {isa = PBXFileReference; fileEncoding = 4; lastKnownFileType = sourcecode.c.h; path = SimpleKakeibo_Prefix.pch; sourceTree = "<group>"; };
		28AD735F0D9D9599002E5188 /* MainWindow.xib */ = {isa = PBXFileReference; lastKnownFileType = file.xib; path = MainWindow.xib; sourceTree = "<group>"; };
		28C286DF0D94DF7D0034E888 /* RootViewController.h */ = {isa = PBXFileReference; fileEncoding = 4; lastKnownFileType = sourcecode.c.h; path = RootViewController.h; sourceTree = "<group>"; };
		28C286E00D94DF7D0034E888 /* RootViewController.m */ = {isa = PBXFileReference; fileEncoding = 4; lastKnownFileType = sourcecode.c.objc; path = RootViewController.m; sourceTree = "<group>"; };
		28F335F01007B36200424DE2 /* RootViewController.xib */ = {isa = PBXFileReference; lastKnownFileType = file.xib; path = RootViewController.xib; sourceTree = "<group>"; };
		29B97316FDCFA39411CA2CEA /* main.m */ = {isa = PBXFileReference; fileEncoding = 4; lastKnownFileType = sourcecode.c.objc; path = main.m; sourceTree = "<group>"; };
		695C2F42109D5CA8006CF7AF /* CategoriesViewController.h */ = {isa = PBXFileReference; fileEncoding = 4; lastKnownFileType = sourcecode.c.h; path = CategoriesViewController.h; sourceTree = "<group>"; };
		695C2F43109D5CA8006CF7AF /* CategoriesViewController.m */ = {isa = PBXFileReference; fileEncoding = 4; lastKnownFileType = sourcecode.c.objc; path = CategoriesViewController.m; sourceTree = "<group>"; };
		695C2F45109D5CC4006CF7AF /* ItemlistViewController.h */ = {isa = PBXFileReference; fileEncoding = 4; lastKnownFileType = sourcecode.c.h; path = ItemlistViewController.h; sourceTree = "<group>"; };
		695C2F46109D5CC4006CF7AF /* ItemlistViewController.m */ = {isa = PBXFileReference; fileEncoding = 4; lastKnownFileType = sourcecode.c.objc; path = ItemlistViewController.m; sourceTree = "<group>"; };
		695C2F8B109D6638006CF7AF /* NewViewController.h */ = {isa = PBXFileReference; fileEncoding = 4; lastKnownFileType = sourcecode.c.h; path = NewViewController.h; sourceTree = "<group>"; };
		695C2F8C109D6638006CF7AF /* NewViewController.m */ = {isa = PBXFileReference; fileEncoding = 4; lastKnownFileType = sourcecode.c.objc; path = NewViewController.m; sourceTree = "<group>"; };
		695C2F8F109D6928006CF7AF /* NewViewController.xib */ = {isa = PBXFileReference; lastKnownFileType = file.xib; path = NewViewController.xib; sourceTree = "<group>"; };
		695C2FDB109DA95C006CF7AF /* DateEditController.xib */ = {isa = PBXFileReference; lastKnownFileType = file.xib; path = DateEditController.xib; sourceTree = "<group>"; };
		695C3005109DAE85006CF7AF /* DateEditController.h */ = {isa = PBXFileReference; fileEncoding = 4; lastKnownFileType = sourcecode.c.h; path = DateEditController.h; sourceTree = "<group>"; };
		695C3006109DAE85006CF7AF /* DateEditController.m */ = {isa = PBXFileReference; fileEncoding = 4; lastKnownFileType = sourcecode.c.objc; path = DateEditController.m; sourceTree = "<group>"; };
		6969868F10A052D60089CBA0 /* MyApplicationData.h */ = {isa = PBXFileReference; fileEncoding = 4; lastKnownFileType = sourcecode.c.h; path = MyApplicationData.h; sourceTree = "<group>"; };
		6969869010A052D60089CBA0 /* MyApplicationData.m */ = {isa = PBXFileReference; fileEncoding = 4; lastKnownFileType = sourcecode.c.objc; path = MyApplicationData.m; sourceTree = "<group>"; };
		6980BB6F109ECDD70096E793 /* MyAppDataController.h */ = {isa = PBXFileReference; fileEncoding = 4; lastKnownFileType = sourcecode.c.h; path = MyAppDataController.h; sourceTree = "<group>"; };
		6980BB70109ECDD70096E793 /* MyAppDataController.m */ = {isa = PBXFileReference; fileEncoding = 4; lastKnownFileType = sourcecode.c.objc; path = MyAppDataController.m; sourceTree = "<group>"; };
		69A04046113FFCC900537EC8 /* icon.png */ = {isa = PBXFileReference; lastKnownFileType = image.png; path = icon.png; sourceTree = "<group>"; };
		69F4E12810A000870069A089 /* DetailViewController.h */ = {isa = PBXFileReference; fileEncoding = 4; lastKnownFileType = sourcecode.c.h; path = DetailViewController.h; sourceTree = "<group>"; };
		69F4E12910A000870069A089 /* DetailViewController.m */ = {isa = PBXFileReference; fileEncoding = 4; lastKnownFileType = sourcecode.c.objc; path = DetailViewController.m; sourceTree = "<group>"; };
		69F4E12A10A000870069A089 /* DetailViewController.xib */ = {isa = PBXFileReference; lastKnownFileType = file.xib; name = DetailViewController.xib; path = Classes/DetailViewController.xib; sourceTree = "<group>"; };
		69F4E16610A0060C0069A089 /* NodeViewController.h */ = {isa = PBXFileReference; fileEncoding = 4; lastKnownFileType = sourcecode.c.h; path = NodeViewController.h; sourceTree = "<group>"; };
		69F4E16710A0060C0069A089 /* NodeViewController.m */ = {isa = PBXFileReference; fileEncoding = 4; lastKnownFileType = sourcecode.c.objc; path = NodeViewController.m; sourceTree = "<group>"; };
		69FE051A109E6C1300D4DD4F /* CategoryEditController.xib */ = {isa = PBXFileReference; lastKnownFileType = file.xib; path = CategoryEditController.xib; sourceTree = "<group>"; };
		69FE051D109E6CE700D4DD4F /* CategoryEditController.h */ = {isa = PBXFileReference; fileEncoding = 4; lastKnownFileType = sourcecode.c.h; path = CategoryEditController.h; sourceTree = "<group>"; };
		69FE051E109E6CE700D4DD4F /* CategoryEditController.m */ = {isa = PBXFileReference; fileEncoding = 4; lastKnownFileType = sourcecode.c.objc; path = CategoryEditController.m; sourceTree = "<group>"; };
		69FE05D6109E8A9E00D4DD4F /* PriceEditController.xib */ = {isa = PBXFileReference; lastKnownFileType = file.xib; path = PriceEditController.xib; sourceTree = "<group>"; };
		69FE05D9109E8D0200D4DD4F /* PriceEditController.h */ = {isa = PBXFileReference; fileEncoding = 4; lastKnownFileType = sourcecode.c.h; path = PriceEditController.h; sourceTree = "<group>"; };
		69FE05DA109E8D0200D4DD4F /* PriceEditController.m */ = {isa = PBXFileReference; fileEncoding = 4; lastKnownFileType = sourcecode.c.objc; path = PriceEditController.m; sourceTree = "<group>"; };
		8D1107310486CEB800E47090 /* SimpleKakeibo-Info.plist */ = {isa = PBXFileReference; fileEncoding = 4; lastKnownFileType = text.plist.xml; path = "SimpleKakeibo-Info.plist"; plistStructureDefinitionIdentifier = "com.apple.xcode.plist.structure-definition.iphone.info-plist"; sourceTree = "<group>"; };
/* End PBXFileReference section */

/* Begin PBXFrameworksBuildPhase section */
		1D60588F0D05DD3D006BFB54 /* Frameworks */ = {
			isa = PBXFrameworksBuildPhase;
			buildActionMask = 2147483647;
			files = (
				1D60589F0D05DD5A006BFB54 /* Foundation.framework in Frameworks */,
				1DF5F4E00D08C38300B7A737 /* UIKit.framework in Frameworks */,
				2892E4100DC94CBA00A64D0F /* CoreGraphics.framework in Frameworks */,
			);
			runOnlyForDeploymentPostprocessing = 0;
		};
/* End PBXFrameworksBuildPhase section */

/* Begin PBXGroup section */
		080E96DDFE201D6D7F000001 /* Classes */ = {
			isa = PBXGroup;
			children = (
				28C286DF0D94DF7D0034E888 /* RootViewController.h */,
				28C286E00D94DF7D0034E888 /* RootViewController.m */,
				1D3623240D0F684500981E51 /* SimpleKakeiboAppDelegate.h */,
				1D3623250D0F684500981E51 /* SimpleKakeiboAppDelegate.m */,
				695C2F42109D5CA8006CF7AF /* CategoriesViewController.h */,
				695C2F43109D5CA8006CF7AF /* CategoriesViewController.m */,
				695C2F45109D5CC4006CF7AF /* ItemlistViewController.h */,
				695C2F46109D5CC4006CF7AF /* ItemlistViewController.m */,
				695C2F8B109D6638006CF7AF /* NewViewController.h */,
				695C2F8C109D6638006CF7AF /* NewViewController.m */,
				695C3005109DAE85006CF7AF /* DateEditController.h */,
				695C3006109DAE85006CF7AF /* DateEditController.m */,
				69FE051D109E6CE700D4DD4F /* CategoryEditController.h */,
				69FE051E109E6CE700D4DD4F /* CategoryEditController.m */,
				69FE05D9109E8D0200D4DD4F /* PriceEditController.h */,
				69FE05DA109E8D0200D4DD4F /* PriceEditController.m */,
				6980BB6F109ECDD70096E793 /* MyAppDataController.h */,
				6980BB70109ECDD70096E793 /* MyAppDataController.m */,
				69F4E12810A000870069A089 /* DetailViewController.h */,
				69F4E12910A000870069A089 /* DetailViewController.m */,
				69F4E16610A0060C0069A089 /* NodeViewController.h */,
				69F4E16710A0060C0069A089 /* NodeViewController.m */,
				6969868F10A052D60089CBA0 /* MyApplicationData.h */,
				6969869010A052D60089CBA0 /* MyApplicationData.m */,
			);
			path = Classes;
			sourceTree = "<group>";
		};
		19C28FACFE9D520D11CA2CBB /* Products */ = {
			isa = PBXGroup;
			children = (
				1D6058910D05DD3D006BFB54 /* SimpleKakeibo.app */,
			);
			name = Products;
			sourceTree = "<group>";
		};
		29B97314FDCFA39411CA2CEA /* CustomTemplate */ = {
			isa = PBXGroup;
			children = (
				080E96DDFE201D6D7F000001 /* Classes */,
				29B97315FDCFA39411CA2CEA /* Other Sources */,
				29B97317FDCFA39411CA2CEA /* Resources */,
				29B97323FDCFA39411CA2CEA /* Frameworks */,
				19C28FACFE9D520D11CA2CBB /* Products */,
			);
			name = CustomTemplate;
			sourceTree = "<group>";
		};
		29B97315FDCFA39411CA2CEA /* Other Sources */ = {
			isa = PBXGroup;
			children = (
				28A0AAE50D9B0CCF005BE974 /* SimpleKakeibo_Prefix.pch */,
				29B97316FDCFA39411CA2CEA /* main.m */,
			);
			name = "Other Sources";
			sourceTree = "<group>";
		};
		29B97317FDCFA39411CA2CEA /* Resources */ = {
			isa = PBXGroup;
			children = (
				28F335F01007B36200424DE2 /* RootViewController.xib */,
				69A04046113FFCC900537EC8 /* icon.png */,
				69F4E12A10A000870069A089 /* DetailViewController.xib */,
				28AD735F0D9D9599002E5188 /* MainWindow.xib */,
				8D1107310486CEB800E47090 /* SimpleKakeibo-Info.plist */,
				695C2F8F109D6928006CF7AF /* NewViewController.xib */,
				695C2FDB109DA95C006CF7AF /* DateEditController.xib */,
				69FE051A109E6C1300D4DD4F /* CategoryEditController.xib */,
				69FE05D6109E8A9E00D4DD4F /* PriceEditController.xib */,
			);
			name = Resources;
			sourceTree = "<group>";
		};
		29B97323FDCFA39411CA2CEA /* Frameworks */ = {
			isa = PBXGroup;
			children = (
				1DF5F4DF0D08C38300B7A737 /* UIKit.framework */,
				1D30AB110D05D00D00671497 /* Foundation.framework */,
				2892E40F0DC94CBA00A64D0F /* CoreGraphics.framework */,
			);
			name = Frameworks;
			sourceTree = "<group>";
		};
/* End PBXGroup section */

/* Begin PBXNativeTarget section */
		1D6058900D05DD3D006BFB54 /* iSKakeibox */ = {
			isa = PBXNativeTarget;
			buildConfigurationList = 1D6058960D05DD3E006BFB54 /* Build configuration list for PBXNativeTarget "iSKakeibox" */;
			buildPhases = (
				1D60588D0D05DD3D006BFB54 /* Resources */,
				1D60588E0D05DD3D006BFB54 /* Sources */,
				1D60588F0D05DD3D006BFB54 /* Frameworks */,
			);
			buildRules = (
			);
			dependencies = (
			);
			name = iSKakeibox;
			productName = SimpleKakeibo;
			productReference = 1D6058910D05DD3D006BFB54 /* SimpleKakeibo.app */;
			productType = "com.apple.product-type.application";
		};
/* End PBXNativeTarget section */

/* Begin PBXProject section */
		29B97313FDCFA39411CA2CEA /* Project object */ = {
			isa = PBXProject;
			buildConfigurationList = C01FCF4E08A954540054247B /* Build configuration list for PBXProject "SimpleKakeibo" */;
			compatibilityVersion = "Xcode 3.1";
			hasScannedForEncodings = 1;
			knownRegions = (
				English,
				Japanese,
				French,
				German,
				en,
			);
			mainGroup = 29B97314FDCFA39411CA2CEA /* CustomTemplate */;
			projectDirPath = "";
			projectRoot = "";
			targets = (
				1D6058900D05DD3D006BFB54 /* iSKakeibox */,
			);
		};
/* End PBXProject section */

/* Begin PBXResourcesBuildPhase section */
		1D60588D0D05DD3D006BFB54 /* Resources */ = {
			isa = PBXResourcesBuildPhase;
			buildActionMask = 2147483647;
			files = (
				28AD73600D9D9599002E5188 /* MainWindow.xib in Resources */,
				28F335F11007B36200424DE2 /* RootViewController.xib in Resources */,
				695C2F90109D6928006CF7AF /* NewViewController.xib in Resources */,
				695C2FDC109DA95C006CF7AF /* DateEditController.xib in Resources */,
				69FE051B109E6C1300D4DD4F /* CategoryEditController.xib in Resources */,
				69FE05D7109E8A9E00D4DD4F /* PriceEditController.xib in Resources */,
				69F4E12C10A000880069A089 /* DetailViewController.xib in Resources */,
				69A04047113FFCC900537EC8 /* icon.png in Resources */,
			);
			runOnlyForDeploymentPostprocessing = 0;
		};
/* End PBXResourcesBuildPhase section */

/* Begin PBXSourcesBuildPhase section */
		1D60588E0D05DD3D006BFB54 /* Sources */ = {
			isa = PBXSourcesBuildPhase;
			buildActionMask = 2147483647;
			files = (
				1D60589B0D05DD56006BFB54 /* main.m in Sources */,
				1D3623260D0F684500981E51 /* SimpleKakeiboAppDelegate.m in Sources */,
				28C286E10D94DF7D0034E888 /* RootViewController.m in Sources */,
				695C2F44109D5CA8006CF7AF /* CategoriesViewController.m in Sources */,
				695C2F47109D5CC4006CF7AF /* ItemlistViewController.m in Sources */,
				695C2F8D109D6638006CF7AF /* NewViewController.m in Sources */,
				695C3007109DAE85006CF7AF /* DateEditController.m in Sources */,
				69FE051F109E6CE700D4DD4F /* CategoryEditController.m in Sources */,
				69FE05DB109E8D0200D4DD4F /* PriceEditController.m in Sources */,
				6980BB71109ECDD70096E793 /* MyAppDataController.m in Sources */,
				69F4E12B10A000880069A089 /* DetailViewController.m in Sources */,
				69F4E16810A0060C0069A089 /* NodeViewController.m in Sources */,
				6969869110A052D60089CBA0 /* MyApplicationData.m in Sources */,
			);
			runOnlyForDeploymentPostprocessing = 0;
		};
/* End PBXSourcesBuildPhase section */

/* Begin XCBuildConfiguration section */
		1D6058940D05DD3E006BFB54 /* Debug */ = {
			isa = XCBuildConfiguration;
			buildSettings = {
				ALWAYS_SEARCH_USER_PATHS = NO;
				COPY_PHASE_STRIP = NO;
				GCC_DYNAMIC_NO_PIC = NO;
				GCC_OPTIMIZATION_LEVEL = 0;
				GCC_PRECOMPILE_PREFIX_HEADER = YES;
				GCC_PREFIX_HEADER = SimpleKakeibo_Prefix.pch;
				INFOPLIST_FILE = "SimpleKakeibo-Info.plist";
				PRODUCT_NAME = iSKakeibox;
			};
			name = Debug;
		};
		1D6058950D05DD3E006BFB54 /* Release */ = {
			isa = XCBuildConfiguration;
			buildSettings = {
				ALWAYS_SEARCH_USER_PATHS = NO;
				COPY_PHASE_STRIP = YES;
				GCC_PRECOMPILE_PREFIX_HEADER = YES;
				GCC_PREFIX_HEADER = SimpleKakeibo_Prefix.pch;
				INFOPLIST_FILE = "SimpleKakeibo-Info.plist";
				PRODUCT_NAME = SimpleKakeibo;
			};
			name = Release;
		};
		690966221141E9B700D0A917 /* Distribution */ = {
			isa = XCBuildConfiguration;
			buildSettings = {
				ARCHS = "$(ARCHS_STANDARD_32_BIT)";
				"CODE_SIGN_IDENTITY[sdk=iphoneos*]" = "iPhone Distribution: Masashi Oyamada";
				GCC_C_LANGUAGE_STANDARD = c99;
				GCC_WARN_ABOUT_RETURN_TYPE = YES;
				GCC_WARN_UNUSED_VARIABLE = YES;
				PREBINDING = NO;
				"PROVISIONING_PROFILE[sdk=iphoneos*]" = "0DFD1AFA-F0B2-4711-A51D-E3BA2C9D3F75";
				SDKROOT = iphoneos3.1.2;
			};
			name = Distribution;
		};
		690966231141E9B700D0A917 /* Distribution */ = {
			isa = XCBuildConfiguration;
			buildSettings = {
				ALWAYS_SEARCH_USER_PATHS = NO;
				COPY_PHASE_STRIP = YES;
				GCC_PRECOMPILE_PREFIX_HEADER = YES;
				GCC_PREFIX_HEADER = SimpleKakeibo_Prefix.pch;
				INFOPLIST_FILE = "SimpleKakeibo-Info.plist";
				PRODUCT_NAME = iSKakeibox;
			};
			name = Distribution;
		};
		C01FCF4F08A954540054247B /* Debug */ = {
			isa = XCBuildConfiguration;
			buildSettings = {
				ARCHS = "$(ARCHS_STANDARD_32_BIT)";
				"CODE_SIGN_IDENTITY[sdk=iphoneos*]" = "iPhone Developer: Masashi Oyamada (H3QK8D467B)";
				GCC_C_LANGUAGE_STANDARD = c99;
				GCC_WARN_ABOUT_RETURN_TYPE = YES;
				GCC_WARN_UNUSED_VARIABLE = YES;
				PREBINDING = NO;
				"PROVISIONING_PROFILE[sdk=iphoneos*]" = "7C0FD9BC-EEA5-4342-BA7D-C081DD4A6532";
				SDKROOT = iphoneos3.1.2;
			};
			name = Debug;
		};
		C01FCF5008A954540054247B /* Release */ = {
			isa = XCBuildConfiguration;
			buildSettings = {
				ARCHS = "$(ARCHS_STANDARD_32_BIT)";
				"CODE_SIGN_IDENTITY[sdk=iphoneos*]" = "iPhone Developer";
				GCC_C_LANGUAGE_STANDARD = c99;
				GCC_WARN_ABOUT_RETURN_TYPE = YES;
				GCC_WARN_UNUSED_VARIABLE = YES;
				PREBINDING = NO;
				SDKROOT = iphoneos3.1.2;
			};
			name = Release;
		};
/* End XCBuildConfiguration section */

/* Begin XCConfigurationList section */
		1D6058960D05DD3E006BFB54 /* Build configuration list for PBXNativeTarget "iSKakeibox" */ = {
			isa = XCConfigurationList;
			buildConfigurations = (
				1D6058940D05DD3E006BFB54 /* Debug */,
				1D6058950D05DD3E006BFB54 /* Release */,
				690966231141E9B700D0A917 /* Distribution */,
			);
			defaultConfigurationIsVisible = 0;
			defaultConfigurationName = Release;
		};
		C01FCF4E08A954540054247B /* Build configuration list for PBXProject "SimpleKakeibo" */ = {
			isa = XCConfigurationList;
			buildConfigurations = (
				C01FCF4F08A954540054247B /* Debug */,
				C01FCF5008A954540054247B /* Release */,
				690966221141E9B700D0A917 /* Distribution */,
			);
			defaultConfigurationIsVisible = 0;
			defaultConfigurationName = Release;
		};
/* End XCConfigurationList section */
	};
	rootObject = 29B97313FDCFA39411CA2CEA /* Project object */;
}
